
Microsoft Visual Studio Solution File, Format Version 12.00
# Visual Studio Version 16
VisualStudioVersion = 16.0.30907.101
MinimumVisualStudioVersion = 10.0.40219.1
Project("{FAE04EC0-301F-11D3-BF4B-00C04F79EFBC}") = "Project1", "Project1\Project1.csproj", "{84AA1592-4EA1-4ABC-A9DE-C56B46E70E3C}"
EndProject
Global
	GlobalSection(SolutionConfigurationPlatforms) = preSolution
		Debug|Any CPU = Debug|Any CPU
		Release|Any CPU = Release|Any CPU
	EndGlobalSection
	GlobalSection(ProjectConfigurationPlatforms) = postSolution
		{84AA1592-4EA1-4ABC-A9DE-C56B46E70E3C}.Debug|Any CPU.ActiveCfg = Debug|Any CPU
		{84AA1592-4EA1-4ABC-A9DE-C56B46E70E3C}.Debug|Any CPU.Build.0 = Debug|Any CPU
		{84AA1592-4EA1-4ABC-A9DE-C56B46E70E3C}.Release|Any CPU.ActiveCfg = Release|Any CPU
		{84AA1592-4EA1-4ABC-A9DE-C56B46E70E3C}.Release|Any CPU.Build.0 = Release|Any CPU
	EndGlobalSection
	GlobalSection(SolutionProperties) = preSolution
		HideSolutionNode = FALSE
	EndGlobalSection
	GlobalSection(ExtensibilityGlobals) = postSolution
		SolutionGuid = {83D96851-C5BB-46AF-9A67-6E1F40AF0549}
	EndGlobalSection
EndGlobal
